
Microsoft Visual Studio Solution File, Format Version 12.00
# Visual Studio 15
VisualStudioVersion = 15.0.26124.0
MinimumVisualStudioVersion = 15.0.26124.0
Project("{FAE04EC0-301F-11D3-BF4B-00C04F79EFBC}") = "A", "A\A.csproj", "{BC95F037-D7A4-49B8-BF34-2A7B82D2685E}"
EndProject
Project("{FAE04EC0-301F-11D3-BF4B-00C04F79EFBC}") = "B", "B\B.csproj", "{4A9D9341-41B2-4E4D-B513-37D5437BF933}"
EndProject
Project("{FAE04EC0-301F-11D3-BF4B-00C04F79EFBC}") = "C", "C\C.csproj", "{9B2835B7-7B24-4E93-A02C-B8F3C6013E53}"
EndProject
Project("{FAE04EC0-301F-11D3-BF4B-00C04F79EFBC}") = "D", "D\D.csproj", "{FD0BF37D-6F1D-421E-ACA0-2E75300E65D4}"
EndProject
Project("{FAE04EC0-301F-11D3-BF4B-00C04F79EFBC}") = "Tests", "Tests\Tests.csproj", "{ED2649C0-3C19-4DD6-A97C-A2303F64F007}"
EndProject
Project("{FAE04EC0-301F-11D3-BF4B-00C04F79EFBC}") = "E", "E\E.csproj", "{E490E25C-86DD-47F4-8BEB-D1FD1D3E647B}"
EndProject
Global
	GlobalSection(SolutionConfigurationPlatforms) = preSolution
		Debug|Any CPU = Debug|Any CPU
		Debug|x64 = Debug|x64
		Debug|x86 = Debug|x86
		Release|Any CPU = Release|Any CPU
		Release|x64 = Release|x64
		Release|x86 = Release|x86
	EndGlobalSection
	GlobalSection(SolutionProperties) = preSolution
		HideSolutionNode = FALSE
	EndGlobalSection
	GlobalSection(ProjectConfigurationPlatforms) = postSolution
		{BC95F037-D7A4-49B8-BF34-2A7B82D2685E}.Debug|Any CPU.ActiveCfg = Debug|Any CPU
		{BC95F037-D7A4-49B8-BF34-2A7B82D2685E}.Debug|Any CPU.Build.0 = Debug|Any CPU
		{BC95F037-D7A4-49B8-BF34-2A7B82D2685E}.Debug|x64.ActiveCfg = Debug|Any CPU
		{BC95F037-D7A4-49B8-BF34-2A7B82D2685E}.Debug|x64.Build.0 = Debug|Any CPU
		{BC95F037-D7A4-49B8-BF34-2A7B82D2685E}.Debug|x86.ActiveCfg = Debug|Any CPU
		{BC95F037-D7A4-49B8-BF34-2A7B82D2685E}.Debug|x86.Build.0 = Debug|Any CPU
		{BC95F037-D7A4-49B8-BF34-2A7B82D2685E}.Release|Any CPU.ActiveCfg = Release|Any CPU
		{BC95F037-D7A4-49B8-BF34-2A7B82D2685E}.Release|Any CPU.Build.0 = Release|Any CPU
		{BC95F037-D7A4-49B8-BF34-2A7B82D2685E}.Release|x64.ActiveCfg = Release|Any CPU
		{BC95F037-D7A4-49B8-BF34-2A7B82D2685E}.Release|x64.Build.0 = Release|Any CPU
		{BC95F037-D7A4-49B8-BF34-2A7B82D2685E}.Release|x86.ActiveCfg = Release|Any CPU
		{BC95F037-D7A4-49B8-BF34-2A7B82D2685E}.Release|x86.Build.0 = Release|Any CPU
		{4A9D9341-41B2-4E4D-B513-37D5437BF933}.Debug|Any CPU.ActiveCfg = Debug|Any CPU
		{4A9D9341-41B2-4E4D-B513-37D5437BF933}.Debug|Any CPU.Build.0 = Debug|Any CPU
		{4A9D9341-41B2-4E4D-B513-37D5437BF933}.Debug|x64.ActiveCfg = Debug|Any CPU
		{4A9D9341-41B2-4E4D-B513-37D5437BF933}.Debug|x64.Build.0 = Debug|Any CPU
		{4A9D9341-41B2-4E4D-B513-37D5437BF933}.Debug|x86.ActiveCfg = Debug|Any CPU
		{4A9D9341-41B2-4E4D-B513-37D5437BF933}.Debug|x86.Build.0 = Debug|Any CPU
		{4A9D9341-41B2-4E4D-B513-37D5437BF933}.Release|Any CPU.ActiveCfg = Release|Any CPU
		{4A9D9341-41B2-4E4D-B513-37D5437BF933}.Release|Any CPU.Build.0 = Release|Any CPU
		{4A9D9341-41B2-4E4D-B513-37D5437BF933}.Release|x64.ActiveCfg = Release|Any CPU
		{4A9D9341-41B2-4E4D-B513-37D5437BF933}.Release|x64.Build.0 = Release|Any CPU
		{4A9D9341-41B2-4E4D-B513-37D5437BF933}.Release|x86.ActiveCfg = Release|Any CPU
		{4A9D9341-41B2-4E4D-B513-37D5437BF933}.Release|x86.Build.0 = Release|Any CPU
		{9B2835B7-7B24-4E93-A02C-B8F3C6013E53}.Debug|Any CPU.ActiveCfg = Debug|Any CPU
		{9B2835B7-7B24-4E93-A02C-B8F3C6013E53}.Debug|Any CPU.Build.0 = Debug|Any CPU
		{9B2835B7-7B24-4E93-A02C-B8F3C6013E53}.Debug|x64.ActiveCfg = Debug|Any CPU
		{9B2835B7-7B24-4E93-A02C-B8F3C6013E53}.Debug|x64.Build.0 = Debug|Any CPU
		{9B2835B7-7B24-4E93-A02C-B8F3C6013E53}.Debug|x86.ActiveCfg = Debug|Any CPU
		{9B2835B7-7B24-4E93-A02C-B8F3C6013E53}.Debug|x86.Build.0 = Debug|Any CPU
		{9B2835B7-7B24-4E93-A02C-B8F3C6013E53}.Release|Any CPU.ActiveCfg = Release|Any CPU
		{9B2835B7-7B24-4E93-A02C-B8F3C6013E53}.Release|Any CPU.Build.0 = Release|Any CPU
		{9B2835B7-7B24-4E93-A02C-B8F3C6013E53}.Release|x64.ActiveCfg = Release|Any CPU
		{9B2835B7-7B24-4E93-A02C-B8F3C6013E53}.Release|x64.Build.0 = Release|Any CPU
		{9B2835B7-7B24-4E93-A02C-B8F3C6013E53}.Release|x86.ActiveCfg = Release|Any CPU
		{9B2835B7-7B24-4E93-A02C-B8F3C6013E53}.Release|x86.Build.0 = Release|Any CPU
		{ED2649C0-3C19-4DD6-A97C-A2303F64F007}.Debug|Any CPU.ActiveCfg = Debug|Any CPU
		{ED2649C0-3C19-4DD6-A97C-A2303F64F007}.Debug|Any CPU.Build.0 = Debug|Any CPU
		{ED2649C0-3C19-4DD6-A97C-A2303F64F007}.Debug|x64.ActiveCfg = Debug|Any CPU
		{ED2649C0-3C19-4DD6-A97C-A2303F64F007}.Debug|x64.Build.0 = Debug|Any CPU
		{ED2649C0-3C19-4DD6-A97C-A2303F64F007}.Debug|x86.ActiveCfg = Debug|Any CPU
		{ED2649C0-3C19-4DD6-A97C-A2303F64F007}.Debug|x86.Build.0 = Debug|Any CPU
		{ED2649C0-3C19-4DD6-A97C-A2303F64F007}.Release|Any CPU.ActiveCfg = Release|Any CPU
		{ED2649C0-3C19-4DD6-A97C-A2303F64F007}.Release|Any CPU.Build.0 = Release|Any CPU
		{ED2649C0-3C19-4DD6-A97C-A2303F64F007}.Release|x64.ActiveCfg = Release|Any CPU
		{ED2649C0-3C19-4DD6-A97C-A2303F64F007}.Release|x64.Build.0 = Release|Any CPU
		{ED2649C0-3C19-4DD6-A97C-A2303F64F007}.Release|x86.ActiveCfg = Release|Any CPU
		{ED2649C0-3C19-4DD6-A97C-A2303F64F007}.Release|x86.Build.0 = Release|Any CPU
		{FD0BF37D-6F1D-421E-ACA0-2E75300E65D4}.Debug|Any CPU.ActiveCfg = Debug|Any CPU
		{FD0BF37D-6F1D-421E-ACA0-2E75300E65D4}.Debug|Any CPU.Build.0 = Debug|Any CPU
		{FD0BF37D-6F1D-421E-ACA0-2E75300E65D4}.Debug|x64.ActiveCfg = Debug|Any CPU
		{FD0BF37D-6F1D-421E-ACA0-2E75300E65D4}.Debug|x64.Build.0 = Debug|Any CPU
		{FD0BF37D-6F1D-421E-ACA0-2E75300E65D4}.Debug|x86.ActiveCfg = Debug|Any CPU
		{FD0BF37D-6F1D-421E-ACA0-2E75300E65D4}.Debug|x86.Build.0 = Debug|Any CPU
		{FD0BF37D-6F1D-421E-ACA0-2E75300E65D4}.Release|Any CPU.ActiveCfg = Release|Any CPU
		{FD0BF37D-6F1D-421E-ACA0-2E75300E65D4}.Release|Any CPU.Build.0 = Release|Any CPU
		{FD0BF37D-6F1D-421E-ACA0-2E75300E65D4}.Release|x64.ActiveCfg = Release|Any CPU
		{FD0BF37D-6F1D-421E-ACA0-2E75300E65D4}.Release|x64.Build.0 = Release|Any CPU
		{FD0BF37D-6F1D-421E-ACA0-2E75300E65D4}.Release|x86.ActiveCfg = Release|Any CPU
		{FD0BF37D-6F1D-421E-ACA0-2E75300E65D4}.Release|x86.Build.0 = Release|Any CPU
		{E490E25C-86DD-47F4-8BEB-D1FD1D3E647B}.Debug|Any CPU.ActiveCfg = Debug|Any CPU
		{E490E25C-86DD-47F4-8BEB-D1FD1D3E647B}.Debug|Any CPU.Build.0 = Debug|Any CPU
		{E490E25C-86DD-47F4-8BEB-D1FD1D3E647B}.Debug|x64.ActiveCfg = Debug|Any CPU
		{E490E25C-86DD-47F4-8BEB-D1FD1D3E647B}.Debug|x64.Build.0 = Debug|Any CPU
		{E490E25C-86DD-47F4-8BEB-D1FD1D3E647B}.Debug|x86.ActiveCfg = Debug|Any CPU
		{E490E25C-86DD-47F4-8BEB-D1FD1D3E647B}.Debug|x86.Build.0 = Debug|Any CPU
		{E490E25C-86DD-47F4-8BEB-D1FD1D3E647B}.Release|Any CPU.ActiveCfg = Release|Any CPU
		{E490E25C-86DD-47F4-8BEB-D1FD1D3E647B}.Release|Any CPU.Build.0 = Release|Any CPU
		{E490E25C-86DD-47F4-8BEB-D1FD1D3E647B}.Release|x64.ActiveCfg = Release|Any CPU
		{E490E25C-86DD-47F4-8BEB-D1FD1D3E647B}.Release|x64.Build.0 = Release|Any CPU
		{E490E25C-86DD-47F4-8BEB-D1FD1D3E647B}.Release|x86.ActiveCfg = Release|Any CPU
		{E490E25C-86DD-47F4-8BEB-D1FD1D3E647B}.Release|x86.Build.0 = Release|Any CPU
	EndGlobalSection
EndGlobal
